// !$*UTF8*$!
{
	archiveVersion = 1;
	classes = {
	};
	objectVersion = 46;
	objects = {

/* Begin PBXBuildFile section */
		EA02DC841E51A0B70054A20E /* AppDelegate.swift in Sources */ = {isa = PBXBuildFile; fileRef = EA02DC831E51A0B70054A20E /* AppDelegate.swift */; };
		EA02DC861E51A0B70054A20E /* ViewController.swift in Sources */ = {isa = PBXBuildFile; fileRef = EA02DC851E51A0B70054A20E /* ViewController.swift */; };
		EA02DC891E51A0B70054A20E /* Main.storyboard in Resources */ = {isa = PBXBuildFile; fileRef = EA02DC871E51A0B70054A20E /* Main.storyboard */; };
		EA02DC8B1E51A0B70054A20E /* Assets.xcassets in Resources */ = {isa = PBXBuildFile; fileRef = EA02DC8A1E51A0B70054A20E /* Assets.xcassets */; };
		EA02DC8E1E51A0B70054A20E /* LaunchScreen.storyboard in Resources */ = {isa = PBXBuildFile; fileRef = EA02DC8C1E51A0B70054A20E /* LaunchScreen.storyboard */; };
/* End PBXBuildFile section */

/* Begin PBXFileReference section */
		EA02DC801E51A0B70054A20E /* finalCode.app */ = {isa = PBXFileReference; explicitFileType = wrapper.application; includeInIndex = 0; path = finalCode.app; sourceTree = BUILT_PRODUCTS_DIR; };
		EA02DC831E51A0B70054A20E /* AppDelegate.swift */ = {isa = PBXFileReference; lastKnownFileType = sourcecode.swift; path = AppDelegate.swift; sourceTree = "<group>"; };
		EA02DC851E51A0B70054A20E /* ViewController.swift */ = {isa = PBXFileReference; lastKnownFileType = sourcecode.swift; path = ViewController.swift; sourceTree = "<group>"; };
		EA02DC881E51A0B70054A20E /* Base */ = {isa = PBXFileReference; lastKnownFileType = file.storyboard; name = Base; path = Base.lproj/Main.storyboard; sourceTree = "<group>"; };
		EA02DC8A1E51A0B70054A20E /* Assets.xcassets */ = {isa = PBXFileReference; lastKnownFileType = folder.assetcatalog; path = Assets.xcassets; sourceTree = "<group>"; };
		EA02DC8D1E51A0B70054A20E /* Base */ = {isa = PBXFileReference; lastKnownFileType = file.storyboard; name = Base; path = Base.lproj/LaunchScreen.storyboard; sourceTree = "<group>"; };
		EA02DC8F1E51A0B70054A20E /* Info.plist */ = {isa = PBXFileReference; lastKnownFileType = text.plist.xml; path = Info.plist; sourceTree = "<group>"; };
/* End PBXFileReference section */

/* Begin PBXFrameworksBuildPhase section */
		EA02DC7D1E51A0B70054A20E /* Frameworks */ = {
			isa = PBXFrameworksBuildPhase;
			buildActionMask = 2147483647;
			files = (
			);
			runOnlyForDeploymentPostprocessing = 0;
		};
/* End PBXFrameworksBuildPhase section */

/* Begin PBXGroup section */
		EA02DC771E51A0B70054A20E = {
			isa = PBXGroup;
			children = (
				EA02DC821E51A0B70054A20E /* finalCode */,
				EA02DC811E51A0B70054A20E /* Products */,
			);
			sourceTree = "<group>";
		};
		EA02DC811E51A0B70054A20E /* Products */ = {
			isa = PBXGroup;
			children = (
				EA02DC801E51A0B70054A20E /* finalCode.app */,
			);
			name = Products;
			sourceTree = "<group>";
		};
		EA02DC821E51A0B70054A20E /* finalCode */ = {
			isa = PBXGroup;
			children = (
				EA02DC831E51A0B70054A20E /* AppDelegate.swift */,
				EA02DC851E51A0B70054A20E /* ViewController.swift */,
				EA02DC871E51A0B70054A20E /* Main.storyboard */,
				EA02DC8A1E51A0B70054A20E /* Assets.xcassets */,
				EA02DC8C1E51A0B70054A20E /* LaunchScreen.storyboard */,
				EA02DC8F1E51A0B70054A20E /* Info.plist */,
			);
			path = finalCode;
			sourceTree = "<group>";
		};
/* End PBXGroup section */

/* Begin PBXNativeTarget section */
		EA02DC7F1E51A0B70054A20E /* finalCode */ = {
			isa = PBXNativeTarget;
			buildConfigurationList = EA02DC921E51A0B70054A20E /* Build configuration list for PBXNativeTarget "finalCode" */;
			buildPhases = (
				EA02DC7C1E51A0B70054A20E /* Sources */,
				EA02DC7D1E51A0B70054A20E /* Frameworks */,
				EA02DC7E1E51A0B70054A20E /* Resources */,
			);
			buildRules = (
			);
			dependencies = (
			);
			name = finalCode;
			productName = finalCode;
			productReference = EA02DC801E51A0B70054A20E /* finalCode.app */;
			productType = "com.apple.product-type.application";
		};
/* End PBXNativeTarget section */

/* Begin PBXProject section */
		EA02DC781E51A0B70054A20E /* Project object */ = {
			isa = PBXProject;
			attributes = {
				LastSwiftUpdateCheck = 0820;
				LastUpgradeCheck = 0820;
				ORGANIZATIONNAME = tony;
				TargetAttributes = {
					EA02DC7F1E51A0B70054A20E = {
						CreatedOnToolsVersion = 8.2.1;
						DevelopmentTeam = 8T7BMA565V;
						ProvisioningStyle = Automatic;
					};
				};
			};
			buildConfigurationList = EA02DC7B1E51A0B70054A20E /* Build configuration list for PBXProject "finalCode" */;
			compatibilityVersion = "Xcode 3.2";
			developmentRegion = English;
			hasScannedForEncodings = 0;
			knownRegions = (
				en,
				Base,
			);
			mainGroup = EA02DC771E51A0B70054A20E;
			productRefGroup = EA02DC811E51A0B70054A20E /* Products */;
			projectDirPath = "";
			projectRoot = "";
			targets = (
				EA02DC7F1E51A0B70054A20E /* finalCode */,
			);
		};
/* End PBXProject section */

/* Begin PBXResourcesBuildPhase section */
		EA02DC7E1E51A0B70054A20E /* Resources */ = {
			isa = PBXResourcesBuildPhase;
			buildActionMask = 2147483647;
			files = (
				EA02DC8E1E51A0B70054A20E /* LaunchScreen.storyboard in Resources */,
				EA02DC8B1E51A0B70054A20E /* Assets.xcassets in Resources */,
				EA02DC891E51A0B70054A20E /* Main.storyboard in Resources */,
			);
			runOnlyForDeploymentPostprocessing = 0;
		};
/* End PBXResourcesBuildPhase section */

/* Begin PBXSourcesBuildPhase section */
		EA02DC7C1E51A0B70054A20E /* Sources */ = {
			isa = PBXSourcesBuildPhase;
			buildActionMask = 2147483647;
			files = (
				EA02DC861E51A0B70054A20E /* ViewController.swift in Sources */,
				EA02DC841E51A0B70054A20E /* AppDelegate.swift in Sources */,
			);
			runOnlyForDeploymentPostprocessing = 0;
		};
/* End PBXSourcesBuildPhase section */

/* Begin PBXVariantGroup section */
		EA02DC871E51A0B70054A20E /* Main.storyboard */ = {
			isa = PBXVariantGroup;
			children = (
				EA02DC881E51A0B70054A20E /* Base */,
			);
			name = Main.storyboard;
			sourceTree = "<group>";
		};
		EA02DC8C1E51A0B70054A20E /* LaunchScreen.storyboard */ = {
			isa = PBXVariantGroup;
			children = (
				EA02DC8D1E51A0B70054A20E /* Base */,
			);
			name = LaunchScreen.storyboard;
			sourceTree = "<group>";
		};
/* End PBXVariantGroup section */

/* Begin XCBuildConfiguration section */
		EA02DC901E51A0B70054A20E /* Debug */ = {
			isa = XCBuildConfiguration;
			buildSettings = {
				ALWAYS_SEARCH_USER_PATHS = NO;
				CLANG_ANALYZER_NONNULL = YES;
				CLANG_CXX_LANGUAGE_STANDARD = "gnu++0x";
				CLANG_CXX_LIBRARY = "libc++";
				CLANG_ENABLE_MODULES = YES;
				CLANG_ENABLE_OBJC_ARC = YES;
				CLANG_WARN_BOOL_CONVERSION = YES;
				CLANG_WARN_CONSTANT_CONVERSION = YES;
				CLANG_WARN_DIRECT_OBJC_ISA_USAGE = YES_ERROR;
				CLANG_WARN_DOCUMENTATION_COMMENTS = YES;
				CLANG_WARN_EMPTY_BODY = YES;
				CLANG_WARN_ENUM_CONVERSION = YES;
				CLANG_WARN_INFINITE_RECURSION = YES;
				CLANG_WARN_INT_CONVERSION = YES;
				CLANG_WARN_OBJC_ROOT_CLASS = YES_ERROR;
				CLANG_WARN_SUSPICIOUS_MOVE = YES;
				CLANG_WARN_UNREACHABLE_CODE = YES;
				CLANG_WARN__DUPLICATE_METHOD_MATCH = YES;
				"CODE_SIGN_IDENTITY[sdk=iphoneos*]" = "iPhone Developer";
				COPY_PHASE_STRIP = NO;
				DEBUG_INFORMATION_FORMAT = dwarf;
				ENABLE_STRICT_OBJC_MSGSEND = YES;
				ENABLE_TESTABILITY = YES;
				GCC_C_LANGUAGE_STANDARD = gnu99;
				GCC_DYNAMIC_NO_PIC = NO;
				GCC_NO_COMMON_BLOCKS = YES;
				GCC_OPTIMIZATION_LEVEL = 0;
				GCC_PREPROCESSOR_DEFINITIONS = (
					"DEBUG=1",
					"$(inherited)",
				);
				GCC_WARN_64_TO_32_BIT_CONVERSION = YES;
				GCC_WARN_ABOUT_RETURN_TYPE = YES_ERROR;
				GCC_WARN_UNDECLARED_SELECTOR = YES;
				GCC_WARN_UNINITIALIZED_AUTOS = YES_AGGRESSIVE;
				GCC_WARN_UNUSED_FUNCTION = YES;
				GCC_WARN_UNUSED_VARIABLE = YES;
				IPHONEOS_DEPLOYMENT_TARGET = 10.0;
				MTL_ENABLE_DEBUG_INFO = YES;
				ONLY_ACTIVE_ARCH = YES;
				SDKROOT = iphoneos;
				SWIFT_ACTIVE_COMPILATION_CONDITIONS = DEBUG;
				SWIFT_OPTIMIZATION_LEVEL = "-Onone";
			};
			name = Debug;
		};
		EA02DC911E51A0B70054A20E /* Release */ = {
			isa = XCBuildConfiguration;
			buildSettings = {
				ALWAYS_SEARCH_USER_PATHS = NO;
				CLANG_ANALYZER_NONNULL = YES;
				CLANG_CXX_LANGUAGE_STANDARD = "gnu++0x";
				CLANG_CXX_LIBRARY = "libc++";
				CLANG_ENABLE_MODULES = YES;
				CLANG_ENABLE_OBJC_ARC = YES;
				CLANG_WARN_BOOL_CONVERSION = YES;
				CLANG_WARN_CONSTANT_CONVERSION = YES;
				CLANG_WARN_DIRECT_OBJC_ISA_USAGE = YES_ERROR;
				CLANG_WARN_DOCUMENTATION_COMMENTS = YES;
				CLANG_WARN_EMPTY_BODY = YES;
				CLANG_WARN_ENUM_CONVERSION = YES;
				CLANG_WARN_INFINITE_RECURSION = YES;
				CLANG_WARN_INT_CONVERSION = YES;
				CLANG_WARN_OBJC_ROOT_CLASS = YES_ERROR;
				CLANG_WARN_SUSPICIOUS_MOVE = YES;
				CLANG_WARN_UNREACHABLE_CODE = YES;
				CLANG_WARN__DUPLICATE_METHOD_MATCH = YES;
				"CODE_SIGN_IDENTITY[sdk=iphoneos*]" = "iPhone Developer";
				COPY_PHASE_STRIP = NO;
				DEBUG_INFORMATION_FORMAT = "dwarf-with-dsym";
				ENABLE_NS_ASSERTIONS = NO;
				ENABLE_STRICT_OBJC_MSGSEND = YES;
				GCC_C_LANGUAGE_STANDARD = gnu99;
				GCC_NO_COMMON_BLOCKS = YES;
				GCC_WARN_64_TO_32_BIT_CONVERSION = YES;
				GCC_WARN_ABOUT_RETURN_TYPE = YES_ERROR;
				GCC_WARN_UNDECLARED_SELECTOR = YES;
				GCC_WARN_UNINITIALIZED_AUTOS = YES_AGGRESSIVE;
				GCC_WARN_UNUSED_FUNCTION = YES;
				GCC_WARN_UNUSED_VARIABLE = YES;
				IPHONEOS_DEPLOYMENT_TARGET = 10.0;
				MTL_ENABLE_DEBUG_INFO = NO;
				SDKROOT = iphoneos;
				SWIFT_OPTIMIZATION_LEVEL = "-Owholemodule";
				VALIDATE_PRODUCT = YES;
			};
			name = Release;
		};
		EA02DC931E51A0B70054A20E /* Debug */ = {
			isa = XCBuildConfiguration;
			buildSettings = {
				ASSETCATALOG_COMPILER_APPICON_NAME = AppIcon;
				DEVELOPMENT_TEAM = 8T7BMA565V;
				INFOPLIST_FILE = finalCode/Info.plist;
				LD_RUNPATH_SEARCH_PATHS = "$(inherited) @executable_path/Frameworks";
				PRODUCT_BUNDLE_IDENTIFIER = tony.app.finalCode;
				PRODUCT_NAME = "$(TARGET_NAME)";
				SWIFT_VERSION = 3.0;
			};
			name = Debug;
		};
		EA02DC941E51A0B70054A20E /* Release */ = {
			isa = XCBuildConfiguration;
			buildSettings = {
				ASSETCATALOG_COMPILER_APPICON_NAME = AppIcon;
				DEVELOPMENT_TEAM = 8T7BMA565V;
				INFOPLIST_FILE = finalCode/Info.plist;
				LD_RUNPATH_SEARCH_PATHS = "$(inherited) @executable_path/Frameworks";
				PRODUCT_BUNDLE_IDENTIFIER = tony.app.finalCode;
				PRODUCT_NAME = "$(TARGET_NAME)";
				SWIFT_VERSION = 3.0;
			};
			name = Release;
		};
/* End XCBuildConfiguration section */

/* Begin XCConfigurationList section */
		EA02DC7B1E51A0B70054A20E /* Build configuration list for PBXProject "finalCode" */ = {
			isa = XCConfigurationList;
			buildConfigurations = (
				EA02DC901E51A0B70054A20E /* Debug */,
				EA02DC911E51A0B70054A20E /* Release */,
			);
			defaultConfigurationIsVisible = 0;
			defaultConfigurationName = Release;
		};
		EA02DC921E51A0B70054A20E /* Build configuration list for PBXNativeTarget "finalCode" */ = {
			isa = XCConfigurationList;
			buildConfigurations = (
				EA02DC931E51A0B70054A20E /* Debug */,
				EA02DC941E51A0B70054A20E /* Release */,
			);
			defaultConfigurationIsVisible = 0;
			defaultConfigurationName = Release;
		};
/* End XCConfigurationList section */
	};
	rootObject = EA02DC781E51A0B70054A20E /* Project object */;
}
